
Microsoft Visual Studio Solution File, Format Version 12.00
# Visual Studio 15
VisualStudioVersion = 15.0.27004.2002
MinimumVisualStudioVersion = 10.0.40219.1
Project("{8BC9CEB8-8B4A-11D0-8D11-00A0C91BC942}") = "TAMGenerator", "TAMGenerator\TAMGenerator.vcxproj", "{58B96C68-B6CE-4AF4-9525-B67161935449}"
EndProject
Global
	GlobalSection(SolutionConfigurationPlatforms) = preSolution
		Debug|x64 = Debug|x64
		Debug|x86 = Debug|x86
		Release|x64 = Release|x64
		Release|x86 = Release|x86
	EndGlobalSection
	GlobalSection(ProjectConfigurationPlatforms) = postSolution
		{58B96C68-B6CE-4AF4-9525-B67161935449}.Debug|x64.ActiveCfg = Debug|x64
		{58B96C68-B6CE-4AF4-9525-B67161935449}.Debug|x64.Build.0 = Debug|x64
		{58B96C68-B6CE-4AF4-9525-B67161935449}.Debug|x86.ActiveCfg = Debug|Win32
		{58B96C68-B6CE-4AF4-9525-B67161935449}.Debug|x86.Build.0 = Debug|Win32
		{58B96C68-B6CE-4AF4-9525-B67161935449}.Release|x64.ActiveCfg = Release|x64
		{58B96C68-B6CE-4AF4-9525-B67161935449}.Release|x64.Build.0 = Release|x64
		{58B96C68-B6CE-4AF4-9525-B67161935449}.Release|x86.ActiveCfg = Release|Win32
		{58B96C68-B6CE-4AF4-9525-B67161935449}.Release|x86.Build.0 = Release|Win32
	EndGlobalSection
	GlobalSection(SolutionProperties) = preSolution
		HideSolutionNode = FALSE
	EndGlobalSection
	GlobalSection(ExtensibilityGlobals) = postSolution
		SolutionGuid = {8A69B566-61BC-4982-A1E3-62DA5BA7AD8A}
	EndGlobalSection
EndGlobal
